Microsoft Visual Studio Solution File, Format Version 12.00
# Visual Studio Version 17
VisualStudioVersion = 17.5.2.0
MinimumVisualStudioVersion = 10.0.40219.1
Project("{FAE04EC0-301F-11D3-BF4B-00C04F79EFBC}") = "MicrosoftAgentsDemo", "MicrosoftAgentsDemo.csproj", "{2E097EB8-1059-C456-097E-52AC28697C99}"
EndProject
Global
	GlobalSection(SolutionConfigurationPlatforms) = preSolution
		Debug|Any CPU = Debug|Any CPU
		Release|Any CPU = Release|Any CPU
	EndGlobalSection
	GlobalSection(ProjectConfigurationPlatforms) = postSolution
		{2E097EB8-1059-C456-097E-52AC28697C99}.Debug|Any CPU.ActiveCfg = Debug|Any CPU
		{2E097EB8-1059-C456-097E-52AC28697C99}.Debug|Any CPU.Build.0 = Debug|Any CPU
		{2E097EB8-1059-C456-097E-52AC28697C99}.Release|Any CPU.ActiveCfg = Release|Any CPU
		{2E097EB8-1059-C456-097E-52AC28697C99}.Release|Any CPU.Build.0 = Release|Any CPU
	EndGlobalSection
	GlobalSection(SolutionProperties) = preSolution
		HideSolutionNode = FALSE
	EndGlobalSection
	GlobalSection(ExtensibilityGlobals) = postSolution
		SolutionGuid = {2BF822A8-D4AB-46D0-A1C5-D555F7B54B8B}
	EndGlobalSection
EndGlobal
